
Microsoft Visual Studio Solution File, Format Version 12.00
# Visual Studio 15
VisualStudioVersion = 15.0.28307.779
MinimumVisualStudioVersion = 10.0.40219.1
Project("{FAE04EC0-301F-11D3-BF4B-00C04F79EFBC}") = "ATM", "ATM\ATM.csproj", "{A540283E-233D-40FD-9DD9-55EE2FFCA6BF}"
EndProject
Global
	GlobalSection(SolutionConfigurationPlatforms) = preSolution
		Debug|Any CPU = Debug|Any CPU
		Release|Any CPU = Release|Any CPU
	EndGlobalSection
	GlobalSection(ProjectConfigurationPlatforms) = postSolution
		{A540283E-233D-40FD-9DD9-55EE2FFCA6BF}.Debug|Any CPU.ActiveCfg = Debug|Any CPU
		{A540283E-233D-40FD-9DD9-55EE2FFCA6BF}.Debug|Any CPU.Build.0 = Debug|Any CPU
		{A540283E-233D-40FD-9DD9-55EE2FFCA6BF}.Release|Any CPU.ActiveCfg = Release|Any CPU
		{A540283E-233D-40FD-9DD9-55EE2FFCA6BF}.Release|Any CPU.Build.0 = Release|Any CPU
	EndGlobalSection
	GlobalSection(SolutionProperties) = preSolution
		HideSolutionNode = FALSE
	EndGlobalSection
	GlobalSection(ExtensibilityGlobals) = postSolution
		SolutionGuid = {52004665-834F-4F6E-998F-7F8D01964898}
	EndGlobalSection
EndGlobal
